{
  "name": "src-capacitor",
  "lockfileVersion": 3,
  "requires": true,
  "packages": {
    "": {
      "dependencies": {
        "@capacitor/android": "^6.2.0"
      }
    },
    "node_modules/@capacitor/android": {
      "version": "6.2.0",
      "resolved": "https://registry.npmjs.org/@capacitor/android/-/android-6.2.0.tgz",
      "integrity": "sha512-3YIDPylV0Q2adEQ/H568p496QdYG0jK/XGMdx7OGSqdBZen92ciAsYdyhLtyl91UVsN1lBhDi5H6j3T2KS6aJg==",
      "license": "MIT",
      "peerDependencies": {
        "@capacitor/core": "^6.2.0"
      }
    },
    "node_modules/@capacitor/core": {
      "version": "6.2.0",
      "license": "MIT",
      "peer": true,
      "dependencies": {
        "tslib": "^2.1.0"
      }
    },
    "node_modules/tslib": {
      "version": "2.8.1",
      "license": "0BSD",
      "peer": true
    }
  }
}
